// !$*UTF8*$!
{
	archiveVersion = 1;
	classes = {
	};
	objectVersion = 56;
	objects = {

/* Begin PBXBuildFile section */
		15AE8AF82A9ECF7700DBAB29 /* ReservationViewCellViewController.swift in Sources */ = {isa = PBXBuildFile; fileRef = 15AE8AF72A9ECF7700DBAB29 /* ReservationViewCellViewController.swift */; };
		15AE8AFA2A9ED0D700DBAB29 /* ReservationViewController.storyboard in Resources */ = {isa = PBXBuildFile; fileRef = 15AE8AF92A9ED0D700DBAB29 /* ReservationViewController.storyboard */; };
		15E865E02A9DC5B7000DBD54 /* DRSelectViewController.swift in Sources */ = {isa = PBXBuildFile; fileRef = 15E865DF2A9DC5B7000DBD54 /* DRSelectViewController.swift */; };
		15E865E22A9DD353000DBD54 /* DetailViewController.storyboard in Resources */ = {isa = PBXBuildFile; fileRef = 15E865E12A9DD353000DBD54 /* DetailViewController.storyboard */; };
		15E865E42A9DD361000DBD54 /* DetailViewController.swift in Sources */ = {isa = PBXBuildFile; fileRef = 15E865E32A9DD361000DBD54 /* DetailViewController.swift */; };
		15E865E62A9DFCF0000DBD54 /* RecommendedProCell.swift in Sources */ = {isa = PBXBuildFile; fileRef = 15E865E52A9DFCF0000DBD54 /* RecommendedProCell.swift */; };
		15F562322A9D8BCF00209917 /* AppDelegate.swift in Sources */ = {isa = PBXBuildFile; fileRef = 15F562312A9D8BCF00209917 /* AppDelegate.swift */; };
		15F562342A9D8BCF00209917 /* SceneDelegate.swift in Sources */ = {isa = PBXBuildFile; fileRef = 15F562332A9D8BCF00209917 /* SceneDelegate.swift */; };
		15F562362A9D8BCF00209917 /* MainViewController.swift in Sources */ = {isa = PBXBuildFile; fileRef = 15F562352A9D8BCF00209917 /* MainViewController.swift */; };
		15F562392A9D8BCF00209917 /* Main.storyboard in Resources */ = {isa = PBXBuildFile; fileRef = 15F562372A9D8BCF00209917 /* Main.storyboard */; };
		15F5623B2A9D8BD000209917 /* Assets.xcassets in Resources */ = {isa = PBXBuildFile; fileRef = 15F5623A2A9D8BD000209917 /* Assets.xcassets */; };
		15F5623E2A9D8BD000209917 /* LaunchScreen.storyboard in Resources */ = {isa = PBXBuildFile; fileRef = 15F5623C2A9D8BD000209917 /* LaunchScreen.storyboard */; };
		15F562462A9D8C5700209917 /* NewsViewController.storyboard in Resources */ = {isa = PBXBuildFile; fileRef = 15F562452A9D8C5700209917 /* NewsViewController.storyboard */; };
		15F5624A2A9D8C7C00209917 /* NewsViewController.swift in Sources */ = {isa = PBXBuildFile; fileRef = 15F562492A9D8C7C00209917 /* NewsViewController.swift */; };
		15F5624D2A9D8D0400209917 /* DrivingRange.swift in Sources */ = {isa = PBXBuildFile; fileRef = 15F5624C2A9D8D0400209917 /* DrivingRange.swift */; };
		15F5624F2A9D8D7A00209917 /* City.swift in Sources */ = {isa = PBXBuildFile; fileRef = 15F5624E2A9D8D7A00209917 /* City.swift */; };
		15F562512A9D8DF300209917 /* ProInfo.swift in Sources */ = {isa = PBXBuildFile; fileRef = 15F562502A9D8DF300209917 /* ProInfo.swift */; };
		15F562532A9D8E4700209917 /* Dummy.swift in Sources */ = {isa = PBXBuildFile; fileRef = 15F562522A9D8E4600209917 /* Dummy.swift */; };
		15F562552A9D90DC00209917 /* DrivingRangeCell.swift in Sources */ = {isa = PBXBuildFile; fileRef = 15F562542A9D90DC00209917 /* DrivingRangeCell.swift */; };
		15F562582A9D91C200209917 /* CityCell.swift in Sources */ = {isa = PBXBuildFile; fileRef = 15F562572A9D91C200209917 /* CityCell.swift */; };
		15F5625A2A9DAD4300209917 /* ProCell.swift in Sources */ = {isa = PBXBuildFile; fileRef = 15F562592A9DAD4300209917 /* ProCell.swift */; };
/* End PBXBuildFile section */

/* Begin PBXFileReference section */
		15AE8AF72A9ECF7700DBAB29 /* ReservationViewCellViewController.swift */ = {isa = PBXFileReference; lastKnownFileType = sourcecode.swift; path = ReservationViewCellViewController.swift; sourceTree = "<group>"; };
		15AE8AF92A9ED0D700DBAB29 /* ReservationViewController.storyboard */ = {isa = PBXFileReference; lastKnownFileType = file.storyboard; path = ReservationViewController.storyboard; sourceTree = "<group>"; };
		15E865DF2A9DC5B7000DBD54 /* DRSelectViewController.swift */ = {isa = PBXFileReference; lastKnownFileType = sourcecode.swift; path = DRSelectViewController.swift; sourceTree = "<group>"; };
		15E865E12A9DD353000DBD54 /* DetailViewController.storyboard */ = {isa = PBXFileReference; lastKnownFileType = file.storyboard; path = DetailViewController.storyboard; sourceTree = "<group>"; };
		15E865E32A9DD361000DBD54 /* DetailViewController.swift */ = {isa = PBXFileReference; lastKnownFileType = sourcecode.swift; path = DetailViewController.swift; sourceTree = "<group>"; };
		15E865E52A9DFCF0000DBD54 /* RecommendedProCell.swift */ = {isa = PBXFileReference; lastKnownFileType = sourcecode.swift; path = RecommendedProCell.swift; sourceTree = "<group>"; };
		15F5622E2A9D8BCF00209917 /* GolfApp.app */ = {isa = PBXFileReference; explicitFileType = wrapper.application; includeInIndex = 0; path = GolfApp.app; sourceTree = BUILT_PRODUCTS_DIR; };
		15F562312A9D8BCF00209917 /* AppDelegate.swift */ = {isa = PBXFileReference; lastKnownFileType = sourcecode.swift; path = AppDelegate.swift; sourceTree = "<group>"; };
		15F562332A9D8BCF00209917 /* SceneDelegate.swift */ = {isa = PBXFileReference; lastKnownFileType = sourcecode.swift; path = SceneDelegate.swift; sourceTree = "<group>"; };
		15F562352A9D8BCF00209917 /* MainViewController.swift */ = {isa = PBXFileReference; lastKnownFileType = sourcecode.swift; path = MainViewController.swift; sourceTree = "<group>"; };
		15F562382A9D8BCF00209917 /* Base */ = {isa = PBXFileReference; lastKnownFileType = file.storyboard; name = Base; path = Base.lproj/Main.storyboard; sourceTree = "<group>"; };
		15F5623A2A9D8BD000209917 /* Assets.xcassets */ = {isa = PBXFileReference; lastKnownFileType = folder.assetcatalog; path = Assets.xcassets; sourceTree = "<group>"; };
		15F5623D2A9D8BD000209917 /* Base */ = {isa = PBXFileReference; lastKnownFileType = file.storyboard; name = Base; path = Base.lproj/LaunchScreen.storyboard; sourceTree = "<group>"; };
		15F5623F2A9D8BD000209917 /* Info.plist */ = {isa = PBXFileReference; lastKnownFileType = text.plist.xml; path = Info.plist; sourceTree = "<group>"; };
		15F562452A9D8C5700209917 /* NewsViewController.storyboard */ = {isa = PBXFileReference; lastKnownFileType = file.storyboard; path = NewsViewController.storyboard; sourceTree = "<group>"; };
		15F562492A9D8C7C00209917 /* NewsViewController.swift */ = {isa = PBXFileReference; lastKnownFileType = sourcecode.swift; path = NewsViewController.swift; sourceTree = "<group>"; };
		15F5624C2A9D8D0400209917 /* DrivingRange.swift */ = {isa = PBXFileReference; lastKnownFileType = sourcecode.swift; path = DrivingRange.swift; sourceTree = "<group>"; };
		15F5624E2A9D8D7A00209917 /* City.swift */ = {isa = PBXFileReference; lastKnownFileType = sourcecode.swift; path = City.swift; sourceTree = "<group>"; };
		15F562502A9D8DF300209917 /* ProInfo.swift */ = {isa = PBXFileReference; lastKnownFileType = sourcecode.swift; path = ProInfo.swift; sourceTree = "<group>"; };
		15F562522A9D8E4600209917 /* Dummy.swift */ = {isa = PBXFileReference; lastKnownFileType = sourcecode.swift; path = Dummy.swift; sourceTree = "<group>"; };
		15F562542A9D90DC00209917 /* DrivingRangeCell.swift */ = {isa = PBXFileReference; lastKnownFileType = sourcecode.swift; path = DrivingRangeCell.swift; sourceTree = "<group>"; };
		15F562572A9D91C200209917 /* CityCell.swift */ = {isa = PBXFileReference; lastKnownFileType = sourcecode.swift; path = CityCell.swift; sourceTree = "<group>"; };
		15F562592A9DAD4300209917 /* ProCell.swift */ = {isa = PBXFileReference; lastKnownFileType = sourcecode.swift; path = ProCell.swift; sourceTree = "<group>"; };
/* End PBXFileReference section */

/* Begin PBXFrameworksBuildPhase section */
		15F5622B2A9D8BCF00209917 /* Frameworks */ = {
			isa = PBXFrameworksBuildPhase;
			buildActionMask = 2147483647;
			files = (
			);
			runOnlyForDeploymentPostprocessing = 0;
		};
/* End PBXFrameworksBuildPhase section */

/* Begin PBXGroup section */
		15F562252A9D8BCF00209917 = {
			isa = PBXGroup;
			children = (
				15F562302A9D8BCF00209917 /* GolfApp */,
				15F5622F2A9D8BCF00209917 /* Products */,
			);
			sourceTree = "<group>";
		};
		15F5622F2A9D8BCF00209917 /* Products */ = {
			isa = PBXGroup;
			children = (
				15F5622E2A9D8BCF00209917 /* GolfApp.app */,
			);
			name = Products;
			sourceTree = "<group>";
		};
		15F562302A9D8BCF00209917 /* GolfApp */ = {
			isa = PBXGroup;
			children = (
				15F562312A9D8BCF00209917 /* AppDelegate.swift */,
				15F562332A9D8BCF00209917 /* SceneDelegate.swift */,
				15F562482A9D8C6200209917 /* ViewController */,
				15F562472A9D8C5C00209917 /* Storyboard */,
				15F5624B2A9D8CE300209917 /* Model */,
				15F5623C2A9D8BD000209917 /* LaunchScreen.storyboard */,
				15F5623A2A9D8BD000209917 /* Assets.xcassets */,
				15F5623F2A9D8BD000209917 /* Info.plist */,
			);
			path = GolfApp;
			sourceTree = "<group>";
		};
		15F562472A9D8C5C00209917 /* Storyboard */ = {
			isa = PBXGroup;
			children = (
				15F562372A9D8BCF00209917 /* Main.storyboard */,
				15E865E12A9DD353000DBD54 /* DetailViewController.storyboard */,
				15F562452A9D8C5700209917 /* NewsViewController.storyboard */,
				15AE8AF92A9ED0D700DBAB29 /* ReservationViewController.storyboard */,
			);
			path = Storyboard;
			sourceTree = "<group>";
		};
		15F562482A9D8C6200209917 /* ViewController */ = {
			isa = PBXGroup;
			children = (
				15F562352A9D8BCF00209917 /* MainViewController.swift */,
				15E865DF2A9DC5B7000DBD54 /* DRSelectViewController.swift */,
				15F562492A9D8C7C00209917 /* NewsViewController.swift */,
				15E865E32A9DD361000DBD54 /* DetailViewController.swift */,
				15AE8AF72A9ECF7700DBAB29 /* ReservationViewCellViewController.swift */,
				15F562562A9D91B300209917 /* Cells */,
			);
			path = ViewController;
			sourceTree = "<group>";
		};
		15F5624B2A9D8CE300209917 /* Model */ = {
			isa = PBXGroup;
			children = (
				15F5624E2A9D8D7A00209917 /* City.swift */,
				15F5624C2A9D8D0400209917 /* DrivingRange.swift */,
				15F562502A9D8DF300209917 /* ProInfo.swift */,
				15F562522A9D8E4600209917 /* Dummy.swift */,
			);
			path = Model;
			sourceTree = "<group>";
		};
		15F562562A9D91B300209917 /* Cells */ = {
			isa = PBXGroup;
			children = (
				15F562572A9D91C200209917 /* CityCell.swift */,
				15F562542A9D90DC00209917 /* DrivingRangeCell.swift */,
				15F562592A9DAD4300209917 /* ProCell.swift */,
				15E865E52A9DFCF0000DBD54 /* RecommendedProCell.swift */,
			);
			path = Cells;
			sourceTree = "<group>";
		};
/* End PBXGroup section */

/* Begin PBXNativeTarget section */
		15F5622D2A9D8BCF00209917 /* GolfApp */ = {
			isa = PBXNativeTarget;
			buildConfigurationList = 15F562422A9D8BD000209917 /* Build configuration list for PBXNativeTarget "GolfApp" */;
			buildPhases = (
				15F5622A2A9D8BCF00209917 /* Sources */,
				15F5622B2A9D8BCF00209917 /* Frameworks */,
				15F5622C2A9D8BCF00209917 /* Resources */,
			);
			buildRules = (
			);
			dependencies = (
			);
			name = GolfApp;
			productName = GolfApp;
			productReference = 15F5622E2A9D8BCF00209917 /* GolfApp.app */;
			productType = "com.apple.product-type.application";
		};
/* End PBXNativeTarget section */

/* Begin PBXProject section */
		15F562262A9D8BCF00209917 /* Project object */ = {
			isa = PBXProject;
			attributes = {
				BuildIndependentTargetsInParallel = 1;
				LastSwiftUpdateCheck = 1430;
				LastUpgradeCheck = 1430;
				TargetAttributes = {
					15F5622D2A9D8BCF00209917 = {
						CreatedOnToolsVersion = 14.3.1;
					};
				};
			};
			buildConfigurationList = 15F562292A9D8BCF00209917 /* Build configuration list for PBXProject "GolfApp" */;
			compatibilityVersion = "Xcode 14.0";
			developmentRegion = en;
			hasScannedForEncodings = 0;
			knownRegions = (
				en,
				Base,
			);
			mainGroup = 15F562252A9D8BCF00209917;
			productRefGroup = 15F5622F2A9D8BCF00209917 /* Products */;
			projectDirPath = "";
			projectRoot = "";
			targets = (
				15F5622D2A9D8BCF00209917 /* GolfApp */,
			);
		};
/* End PBXProject section */

/* Begin PBXResourcesBuildPhase section */
		15F5622C2A9D8BCF00209917 /* Resources */ = {
			isa = PBXResourcesBuildPhase;
			buildActionMask = 2147483647;
			files = (
				15AE8AFA2A9ED0D700DBAB29 /* ReservationViewController.storyboard in Resources */,
				15F5623E2A9D8BD000209917 /* LaunchScreen.storyboard in Resources */,
				15F562462A9D8C5700209917 /* NewsViewController.storyboard in Resources */,
				15E865E22A9DD353000DBD54 /* DetailViewController.storyboard in Resources */,
				15F5623B2A9D8BD000209917 /* Assets.xcassets in Resources */,
				15F562392A9D8BCF00209917 /* Main.storyboard in Resources */,
			);
			runOnlyForDeploymentPostprocessing = 0;
		};
/* End PBXResourcesBuildPhase section */

/* Begin PBXSourcesBuildPhase section */
		15F5622A2A9D8BCF00209917 /* Sources */ = {
			isa = PBXSourcesBuildPhase;
			buildActionMask = 2147483647;
			files = (
				15E865E42A9DD361000DBD54 /* DetailViewController.swift in Sources */,
				15F5624A2A9D8C7C00209917 /* NewsViewController.swift in Sources */,
				15F5625A2A9DAD4300209917 /* ProCell.swift in Sources */,
				15F562362A9D8BCF00209917 /* MainViewController.swift in Sources */,
				15E865E62A9DFCF0000DBD54 /* RecommendedProCell.swift in Sources */,
				15F562582A9D91C200209917 /* CityCell.swift in Sources */,
				15F562532A9D8E4700209917 /* Dummy.swift in Sources */,
				15F5624F2A9D8D7A00209917 /* City.swift in Sources */,
				15F562552A9D90DC00209917 /* DrivingRangeCell.swift in Sources */,
				15F562322A9D8BCF00209917 /* AppDelegate.swift in Sources */,
				15E865E02A9DC5B7000DBD54 /* DRSelectViewController.swift in Sources */,
				15F562512A9D8DF300209917 /* ProInfo.swift in Sources */,
				15F562342A9D8BCF00209917 /* SceneDelegate.swift in Sources */,
				15AE8AF82A9ECF7700DBAB29 /* ReservationViewCellViewController.swift in Sources */,
				15F5624D2A9D8D0400209917 /* DrivingRange.swift in Sources */,
			);
			runOnlyForDeploymentPostprocessing = 0;
		};
/* End PBXSourcesBuildPhase section */

/* Begin PBXVariantGroup section */
		15F562372A9D8BCF00209917 /* Main.storyboard */ = {
			isa = PBXVariantGroup;
			children = (
				15F562382A9D8BCF00209917 /* Base */,
			);
			name = Main.storyboard;
			sourceTree = "<group>";
		};
		15F5623C2A9D8BD000209917 /* LaunchScreen.storyboard */ = {
			isa = PBXVariantGroup;
			children = (
				15F5623D2A9D8BD000209917 /* Base */,
			);
			name = LaunchScreen.storyboard;
			sourceTree = "<group>";
		};
/* End PBXVariantGroup section */

/* Begin XCBuildConfiguration section */
		15F562402A9D8BD000209917 /* Debug */ = {
			isa = XCBuildConfiguration;
			buildSettings = {
				ALWAYS_SEARCH_USER_PATHS = NO;
				CLANG_ANALYZER_NONNULL = YES;
				CLANG_ANALYZER_NUMBER_OBJECT_CONVERSION = YES_AGGRESSIVE;
				CLANG_CXX_LANGUAGE_STANDARD = "gnu++20";
				CLANG_ENABLE_MODULES = YES;
				CLANG_ENABLE_OBJC_ARC = YES;
				CLANG_ENABLE_OBJC_WEAK = YES;
				CLANG_WARN_BLOCK_CAPTURE_AUTORELEASING = YES;
				CLANG_WARN_BOOL_CONVERSION = YES;
				CLANG_WARN_COMMA = YES;
				CLANG_WARN_CONSTANT_CONVERSION = YES;
				CLANG_WARN_DEPRECATED_OBJC_IMPLEMENTATIONS = YES;
				CLANG_WARN_DIRECT_OBJC_ISA_USAGE = YES_ERROR;
				CLANG_WARN_DOCUMENTATION_COMMENTS = YES;
				CLANG_WARN_EMPTY_BODY = YES;
				CLANG_WARN_ENUM_CONVERSION = YES;
				CLANG_WARN_INFINITE_RECURSION = YES;
				CLANG_WARN_INT_CONVERSION = YES;
				CLANG_WARN_NON_LITERAL_NULL_CONVERSION = YES;
				CLANG_WARN_OBJC_IMPLICIT_RETAIN_SELF = YES;
				CLANG_WARN_OBJC_LITERAL_CONVERSION = YES;
				CLANG_WARN_OBJC_ROOT_CLASS = YES_ERROR;
				CLANG_WARN_QUOTED_INCLUDE_IN_FRAMEWORK_HEADER = YES;
				CLANG_WARN_RANGE_LOOP_ANALYSIS = YES;
				CLANG_WARN_STRICT_PROTOTYPES = YES;
				CLANG_WARN_SUSPICIOUS_MOVE = YES;
				CLANG_WARN_UNGUARDED_AVAILABILITY = YES_AGGRESSIVE;
				CLANG_WARN_UNREACHABLE_CODE = YES;
				CLANG_WARN__DUPLICATE_METHOD_MATCH = YES;
				COPY_PHASE_STRIP = NO;
				DEBUG_INFORMATION_FORMAT = dwarf;
				ENABLE_STRICT_OBJC_MSGSEND = YES;
				ENABLE_TESTABILITY = YES;
				GCC_C_LANGUAGE_STANDARD = gnu11;
				GCC_DYNAMIC_NO_PIC = NO;
				GCC_NO_COMMON_BLOCKS = YES;
				GCC_OPTIMIZATION_LEVEL = 0;
				GCC_PREPROCESSOR_DEFINITIONS = (
					"DEBUG=1",
					"$(inherited)",
				);
				GCC_WARN_64_TO_32_BIT_CONVERSION = YES;
				GCC_WARN_ABOUT_RETURN_TYPE = YES_ERROR;
				GCC_WARN_UNDECLARED_SELECTOR = YES;
				GCC_WARN_UNINITIALIZED_AUTOS = YES_AGGRESSIVE;
				GCC_WARN_UNUSED_FUNCTION = YES;
				GCC_WARN_UNUSED_VARIABLE = YES;
				IPHONEOS_DEPLOYMENT_TARGET = 16.4;
				MTL_ENABLE_DEBUG_INFO = INCLUDE_SOURCE;
				MTL_FAST_MATH = YES;
				ONLY_ACTIVE_ARCH = YES;
				SDKROOT = iphoneos;
				SWIFT_ACTIVE_COMPILATION_CONDITIONS = DEBUG;
				SWIFT_OPTIMIZATION_LEVEL = "-Onone";
			};
			name = Debug;
		};
		15F562412A9D8BD000209917 /* Release */ = {
			isa = XCBuildConfiguration;
			buildSettings = {
				ALWAYS_SEARCH_USER_PATHS = NO;
				CLANG_ANALYZER_NONNULL = YES;
				CLANG_ANALYZER_NUMBER_OBJECT_CONVERSION = YES_AGGRESSIVE;
				CLANG_CXX_LANGUAGE_STANDARD = "gnu++20";
				CLANG_ENABLE_MODULES = YES;
				CLANG_ENABLE_OBJC_ARC = YES;
				CLANG_ENABLE_OBJC_WEAK = YES;
				CLANG_WARN_BLOCK_CAPTURE_AUTORELEASING = YES;
				CLANG_WARN_BOOL_CONVERSION = YES;
				CLANG_WARN_COMMA = YES;
				CLANG_WARN_CONSTANT_CONVERSION = YES;
				CLANG_WARN_DEPRECATED_OBJC_IMPLEMENTATIONS = YES;
				CLANG_WARN_DIRECT_OBJC_ISA_USAGE = YES_ERROR;
				CLANG_WARN_DOCUMENTATION_COMMENTS = YES;
				CLANG_WARN_EMPTY_BODY = YES;
				CLANG_WARN_ENUM_CONVERSION = YES;
				CLANG_WARN_INFINITE_RECURSION = YES;
				CLANG_WARN_INT_CONVERSION = YES;
				CLANG_WARN_NON_LITERAL_NULL_CONVERSION = YES;
				CLANG_WARN_OBJC_IMPLICIT_RETAIN_SELF = YES;
				CLANG_WARN_OBJC_LITERAL_CONVERSION = YES;
				CLANG_WARN_OBJC_ROOT_CLASS = YES_ERROR;
				CLANG_WARN_QUOTED_INCLUDE_IN_FRAMEWORK_HEADER = YES;
				CLANG_WARN_RANGE_LOOP_ANALYSIS = YES;
				CLANG_WARN_STRICT_PROTOTYPES = YES;
				CLANG_WARN_SUSPICIOUS_MOVE = YES;
				CLANG_WARN_UNGUARDED_AVAILABILITY = YES_AGGRESSIVE;
				CLANG_WARN_UNREACHABLE_CODE = YES;
				CLANG_WARN__DUPLICATE_METHOD_MATCH = YES;
				COPY_PHASE_STRIP = NO;
				DEBUG_INFORMATION_FORMAT = "dwarf-with-dsym";
				ENABLE_NS_ASSERTIONS = NO;
				ENABLE_STRICT_OBJC_MSGSEND = YES;
				GCC_C_LANGUAGE_STANDARD = gnu11;
				GCC_NO_COMMON_BLOCKS = YES;
				GCC_WARN_64_TO_32_BIT_CONVERSION = YES;
				GCC_WARN_ABOUT_RETURN_TYPE = YES_ERROR;
				GCC_WARN_UNDECLARED_SELECTOR = YES;
				GCC_WARN_UNINITIALIZED_AUTOS = YES_AGGRESSIVE;
				GCC_WARN_UNUSED_FUNCTION = YES;
				GCC_WARN_UNUSED_VARIABLE = YES;
				IPHONEOS_DEPLOYMENT_TARGET = 16.4;
				MTL_ENABLE_DEBUG_INFO = NO;
				MTL_FAST_MATH = YES;
				SDKROOT = iphoneos;
				SWIFT_COMPILATION_MODE = wholemodule;
				SWIFT_OPTIMIZATION_LEVEL = "-O";
				VALIDATE_PRODUCT = YES;
			};
			name = Release;
		};
		15F562432A9D8BD000209917 /* Debug */ = {
			isa = XCBuildConfiguration;
			buildSettings = {
				ASSETCATALOG_COMPILER_APPICON_NAME = AppIcon;
				ASSETCATALOG_COMPILER_GLOBAL_ACCENT_COLOR_NAME = AccentColor;
				CODE_SIGN_STYLE = Automatic;
				CURRENT_PROJECT_VERSION = 1;
				GENERATE_INFOPLIST_FILE = YES;
				INFOPLIST_FILE = GolfApp/Info.plist;
				INFOPLIST_KEY_UIApplicationSupportsIndirectInputEvents = YES;
				INFOPLIST_KEY_UILaunchStoryboardName = LaunchScreen;
				INFOPLIST_KEY_UIMainStoryboardFile = Main;
				INFOPLIST_KEY_UISupportedInterfaceOrientations_iPad = "UIInterfaceOrientationPortrait UIInterfaceOrientationPortraitUpsideDown UIInterfaceOrientationLandscapeLeft UIInterfaceOrientationLandscapeRight";
				INFOPLIST_KEY_UISupportedInterfaceOrientations_iPhone = "UIInterfaceOrientationPortrait UIInterfaceOrientationLandscapeLeft UIInterfaceOrientationLandscapeRight";
				IPHONEOS_DEPLOYMENT_TARGET = 15.0;
				LD_RUNPATH_SEARCH_PATHS = (
					"$(inherited)",
					"@executable_path/Frameworks",
				);
				MARKETING_VERSION = 1.0;
				PRODUCT_BUNDLE_IDENTIFIER = chanho.GolfApp;
				PRODUCT_NAME = "$(TARGET_NAME)";
				SUPPORTED_PLATFORMS = "iphoneos iphonesimulator";
				SUPPORTS_MACCATALYST = NO;
				SUPPORTS_MAC_DESIGNED_FOR_IPHONE_IPAD = NO;
				SWIFT_EMIT_LOC_STRINGS = YES;
				SWIFT_VERSION = 5.0;
				TARGETED_DEVICE_FAMILY = 1;
			};
			name = Debug;
		};
		15F562442A9D8BD000209917 /* Release */ = {
			isa = XCBuildConfiguration;
			buildSettings = {
				ASSETCATALOG_COMPILER_APPICON_NAME = AppIcon;
				ASSETCATALOG_COMPILER_GLOBAL_ACCENT_COLOR_NAME = AccentColor;
				CODE_SIGN_STYLE = Automatic;
				CURRENT_PROJECT_VERSION = 1;
				GENERATE_INFOPLIST_FILE = YES;
				INFOPLIST_FILE = GolfApp/Info.plist;
				INFOPLIST_KEY_UIApplicationSupportsIndirectInputEvents = YES;
				INFOPLIST_KEY_UILaunchStoryboardName = LaunchScreen;
				INFOPLIST_KEY_UIMainStoryboardFile = Main;
				INFOPLIST_KEY_UISupportedInterfaceOrientations_iPad = "UIInterfaceOrientationPortrait UIInterfaceOrientationPortraitUpsideDown UIInterfaceOrientationLandscapeLeft UIInterfaceOrientationLandscapeRight";
				INFOPLIST_KEY_UISupportedInterfaceOrientations_iPhone = "UIInterfaceOrientationPortrait UIInterfaceOrientationLandscapeLeft UIInterfaceOrientationLandscapeRight";
				IPHONEOS_DEPLOYMENT_TARGET = 15.0;
				LD_RUNPATH_SEARCH_PATHS = (
					"$(inherited)",
					"@executable_path/Frameworks",
				);
				MARKETING_VERSION = 1.0;
				PRODUCT_BUNDLE_IDENTIFIER = chanho.GolfApp;
				PRODUCT_NAME = "$(TARGET_NAME)";
				SUPPORTED_PLATFORMS = "iphoneos iphonesimulator";
				SUPPORTS_MACCATALYST = NO;
				SUPPORTS_MAC_DESIGNED_FOR_IPHONE_IPAD = NO;
				SWIFT_EMIT_LOC_STRINGS = YES;
				SWIFT_VERSION = 5.0;
				TARGETED_DEVICE_FAMILY = 1;
			};
			name = Release;
		};
/* End XCBuildConfiguration section */

/* Begin XCConfigurationList section */
		15F562292A9D8BCF00209917 /* Build configuration list for PBXProject "GolfApp" */ = {
			isa = XCConfigurationList;
			buildConfigurations = (
				15F562402A9D8BD000209917 /* Debug */,
				15F562412A9D8BD000209917 /* Release */,
			);
			defaultConfigurationIsVisible = 0;
			defaultConfigurationName = Release;
		};
		15F562422A9D8BD000209917 /* Build configuration list for PBXNativeTarget "GolfApp" */ = {
			isa = XCConfigurationList;
			buildConfigurations = (
				15F562432A9D8BD000209917 /* Debug */,
				15F562442A9D8BD000209917 /* Release */,
			);
			defaultConfigurationIsVisible = 0;
			defaultConfigurationName = Release;
		};
/* End XCConfigurationList section */
	};
	rootObject = 15F562262A9D8BCF00209917 /* Project object */;
}
